
Microsoft Visual Studio Solution File, Format Version 12.00
# Visual Studio Version 17
VisualStudioVersion = 17.4.33213.308
MinimumVisualStudioVersion = 10.0.40219.1
Project("{FAE04EC0-301F-11D3-BF4B-00C04F79EFBC}") = "MonitorService", "MonitorService\MonitorService.csproj", "{6A965255-44E2-44FE-839C-B824A3043969}"
EndProject
Project("{FAE04EC0-301F-11D3-BF4B-00C04F79EFBC}") = "StreamProducerService", "StreamProducerService\StreamProducerService.csproj", "{D0E4B168-1D17-4374-99B8-2C683E05F475}"
EndProject
Project("{2150E333-8FDC-42A3-9474-1A3956D46DE8}") = "Solution Items", "Solution Items", "{70CA2550-535E-43D9-8A67-4C445FA2D6A3}"
	ProjectSection(SolutionItems) = preProject
		.gitignore = .gitignore
	EndProjectSection
EndProject
Project("{FAE04EC0-301F-11D3-BF4B-00C04F79EFBC}") = "MonitorService.UnitTests", "MonitorService.UnitTests\MonitorService.UnitTests.csproj", "{711D7667-E740-4E45-A8A0-E9EE0F51F75F}"
EndProject
Global
	GlobalSection(SolutionConfigurationPlatforms) = preSolution
		Debug|Any CPU = Debug|Any CPU
		Release|Any CPU = Release|Any CPU
	EndGlobalSection
	GlobalSection(ProjectConfigurationPlatforms) = postSolution
		{6A965255-44E2-44FE-839C-B824A3043969}.Debug|Any CPU.ActiveCfg = Debug|Any CPU
		{6A965255-44E2-44FE-839C-B824A3043969}.Debug|Any CPU.Build.0 = Debug|Any CPU
		{6A965255-44E2-44FE-839C-B824A3043969}.Release|Any CPU.ActiveCfg = Release|Any CPU
		{6A965255-44E2-44FE-839C-B824A3043969}.Release|Any CPU.Build.0 = Release|Any CPU
		{D0E4B168-1D17-4374-99B8-2C683E05F475}.Debug|Any CPU.ActiveCfg = Debug|Any CPU
		{D0E4B168-1D17-4374-99B8-2C683E05F475}.Debug|Any CPU.Build.0 = Debug|Any CPU
		{D0E4B168-1D17-4374-99B8-2C683E05F475}.Release|Any CPU.ActiveCfg = Release|Any CPU
		{D0E4B168-1D17-4374-99B8-2C683E05F475}.Release|Any CPU.Build.0 = Release|Any CPU
		{711D7667-E740-4E45-A8A0-E9EE0F51F75F}.Debug|Any CPU.ActiveCfg = Debug|Any CPU
		{711D7667-E740-4E45-A8A0-E9EE0F51F75F}.Debug|Any CPU.Build.0 = Debug|Any CPU
		{711D7667-E740-4E45-A8A0-E9EE0F51F75F}.Release|Any CPU.ActiveCfg = Release|Any CPU
		{711D7667-E740-4E45-A8A0-E9EE0F51F75F}.Release|Any CPU.Build.0 = Release|Any CPU
	EndGlobalSection
	GlobalSection(SolutionProperties) = preSolution
		HideSolutionNode = FALSE
	EndGlobalSection
	GlobalSection(ExtensibilityGlobals) = postSolution
		SolutionGuid = {048A43EA-F954-4864-A1B6-17F2947923A8}
	EndGlobalSection
EndGlobal
